// !$*UTF8*$!
{
	archiveVersion = 1;
	classes = {
	};
	objectVersion = 46;
	objects = {

/* Begin PBXBuildFile section */
		15CDA8AD1F3BBDDE0039C5D4 /* AppDelegate.swift in Sources */ = {isa = PBXBuildFile; fileRef = 15CDA8AC1F3BBDDE0039C5D4 /* AppDelegate.swift */; };
		15CDA8AF1F3BBDDE0039C5D4 /* ViewController.swift in Sources */ = {isa = PBXBuildFile; fileRef = 15CDA8AE1F3BBDDE0039C5D4 /* ViewController.swift */; };
		15CDA8B21F3BBDDE0039C5D4 /* Main.storyboard in Resources */ = {isa = PBXBuildFile; fileRef = 15CDA8B01F3BBDDE0039C5D4 /* Main.storyboard */; };
		15CDA8B41F3BBDDE0039C5D4 /* Assets.xcassets in Resources */ = {isa = PBXBuildFile; fileRef = 15CDA8B31F3BBDDE0039C5D4 /* Assets.xcassets */; };
		15CDA8B71F3BBDDE0039C5D4 /* LaunchScreen.storyboard in Resources */ = {isa = PBXBuildFile; fileRef = 15CDA8B51F3BBDDE0039C5D4 /* LaunchScreen.storyboard */; };
		15CDA8C21F3BBDDE0039C5D4 /* QuizTests.swift in Sources */ = {isa = PBXBuildFile; fileRef = 15CDA8C11F3BBDDE0039C5D4 /* QuizTests.swift */; };
		15CDA8CD1F3BBDDE0039C5D4 /* QuizUITests.swift in Sources */ = {isa = PBXBuildFile; fileRef = 15CDA8CC1F3BBDDE0039C5D4 /* QuizUITests.swift */; };
/* End PBXBuildFile section */

/* Begin PBXContainerItemProxy section */
		15CDA8BE1F3BBDDE0039C5D4 /* PBXContainerItemProxy */ = {
			isa = PBXContainerItemProxy;
			containerPortal = 15CDA8A11F3BBDDE0039C5D4 /* Project object */;
			proxyType = 1;
			remoteGlobalIDString = 15CDA8A81F3BBDDE0039C5D4;
			remoteInfo = Quiz;
		};
		15CDA8C91F3BBDDE0039C5D4 /* PBXContainerItemProxy */ = {
			isa = PBXContainerItemProxy;
			containerPortal = 15CDA8A11F3BBDDE0039C5D4 /* Project object */;
			proxyType = 1;
			remoteGlobalIDString = 15CDA8A81F3BBDDE0039C5D4;
			remoteInfo = Quiz;
		};
/* End PBXContainerItemProxy section */

/* Begin PBXFileReference section */
		15CDA8A91F3BBDDE0039C5D4 /* Quiz.app */ = {isa = PBXFileReference; explicitFileType = wrapper.application; includeInIndex = 0; path = Quiz.app; sourceTree = BUILT_PRODUCTS_DIR; };
		15CDA8AC1F3BBDDE0039C5D4 /* AppDelegate.swift */ = {isa = PBXFileReference; lastKnownFileType = sourcecode.swift; path = AppDelegate.swift; sourceTree = "<group>"; };
		15CDA8AE1F3BBDDE0039C5D4 /* ViewController.swift */ = {isa = PBXFileReference; lastKnownFileType = sourcecode.swift; path = ViewController.swift; sourceTree = "<group>"; };
		15CDA8B11F3BBDDE0039C5D4 /* Base */ = {isa = PBXFileReference; lastKnownFileType = file.storyboard; name = Base; path = Base.lproj/Main.storyboard; sourceTree = "<group>"; };
		15CDA8B31F3BBDDE0039C5D4 /* Assets.xcassets */ = {isa = PBXFileReference; lastKnownFileType = folder.assetcatalog; path = Assets.xcassets; sourceTree = "<group>"; };
		15CDA8B61F3BBDDE0039C5D4 /* Base */ = {isa = PBXFileReference; lastKnownFileType = file.storyboard; name = Base; path = Base.lproj/LaunchScreen.storyboard; sourceTree = "<group>"; };
		15CDA8B81F3BBDDE0039C5D4 /* Info.plist */ = {isa = PBXFileReference; lastKnownFileType = text.plist.xml; path = Info.plist; sourceTree = "<group>"; };
		15CDA8BD1F3BBDDE0039C5D4 /* QuizTests.xctest */ = {isa = PBXFileReference; explicitFileType = wrapper.cfbundle; includeInIndex = 0; path = QuizTests.xctest; sourceTree = BUILT_PRODUCTS_DIR; };
		15CDA8C11F3BBDDE0039C5D4 /* QuizTests.swift */ = {isa = PBXFileReference; lastKnownFileType = sourcecode.swift; path = QuizTests.swift; sourceTree = "<group>"; };
		15CDA8C31F3BBDDE0039C5D4 /* Info.plist */ = {isa = PBXFileReference; lastKnownFileType = text.plist.xml; path = Info.plist; sourceTree = "<group>"; };
		15CDA8C81F3BBDDE0039C5D4 /* QuizUITests.xctest */ = {isa = PBXFileReference; explicitFileType = wrapper.cfbundle; includeInIndex = 0; path = QuizUITests.xctest; sourceTree = BUILT_PRODUCTS_DIR; };
		15CDA8CC1F3BBDDE0039C5D4 /* QuizUITests.swift */ = {isa = PBXFileReference; lastKnownFileType = sourcecode.swift; path = QuizUITests.swift; sourceTree = "<group>"; };
		15CDA8CE1F3BBDDE0039C5D4 /* Info.plist */ = {isa = PBXFileReference; lastKnownFileType = text.plist.xml; path = Info.plist; sourceTree = "<group>"; };
/* End PBXFileReference section */

/* Begin PBXFrameworksBuildPhase section */
		15CDA8A61F3BBDDE0039C5D4 /* Frameworks */ = {
			isa = PBXFrameworksBuildPhase;
			buildActionMask = 2147483647;
			files = (
			);
			runOnlyForDeploymentPostprocessing = 0;
		};
		15CDA8BA1F3BBDDE0039C5D4 /* Frameworks */ = {
			isa = PBXFrameworksBuildPhase;
			buildActionMask = 2147483647;
			files = (
			);
			runOnlyForDeploymentPostprocessing = 0;
		};
		15CDA8C51F3BBDDE0039C5D4 /* Frameworks */ = {
			isa = PBXFrameworksBuildPhase;
			buildActionMask = 2147483647;
			files = (
			);
			runOnlyForDeploymentPostprocessing = 0;
		};
/* End PBXFrameworksBuildPhase section */

/* Begin PBXGroup section */
		15CDA8A01F3BBDDE0039C5D4 = {
			isa = PBXGroup;
			children = (
				15CDA8AB1F3BBDDE0039C5D4 /* Quiz */,
				15CDA8C01F3BBDDE0039C5D4 /* QuizTests */,
				15CDA8CB1F3BBDDE0039C5D4 /* QuizUITests */,
				15CDA8AA1F3BBDDE0039C5D4 /* Products */,
			);
			sourceTree = "<group>";
		};
		15CDA8AA1F3BBDDE0039C5D4 /* Products */ = {
			isa = PBXGroup;
			children = (
				15CDA8A91F3BBDDE0039C5D4 /* Quiz.app */,
				15CDA8BD1F3BBDDE0039C5D4 /* QuizTests.xctest */,
				15CDA8C81F3BBDDE0039C5D4 /* QuizUITests.xctest */,
			);
			name = Products;
			sourceTree = "<group>";
		};
		15CDA8AB1F3BBDDE0039C5D4 /* Quiz */ = {
			isa = PBXGroup;
			children = (
				15CDA8AC1F3BBDDE0039C5D4 /* AppDelegate.swift */,
				15CDA8AE1F3BBDDE0039C5D4 /* ViewController.swift */,
				15CDA8B01F3BBDDE0039C5D4 /* Main.storyboard */,
				15CDA8B31F3BBDDE0039C5D4 /* Assets.xcassets */,
				15CDA8B51F3BBDDE0039C5D4 /* LaunchScreen.storyboard */,
				15CDA8B81F3BBDDE0039C5D4 /* Info.plist */,
			);
			path = Quiz;
			sourceTree = "<group>";
		};
		15CDA8C01F3BBDDE0039C5D4 /* QuizTests */ = {
			isa = PBXGroup;
			children = (
				15CDA8C11F3BBDDE0039C5D4 /* QuizTests.swift */,
				15CDA8C31F3BBDDE0039C5D4 /* Info.plist */,
			);
			path = QuizTests;
			sourceTree = "<group>";
		};
		15CDA8CB1F3BBDDE0039C5D4 /* QuizUITests */ = {
			isa = PBXGroup;
			children = (
				15CDA8CC1F3BBDDE0039C5D4 /* QuizUITests.swift */,
				15CDA8CE1F3BBDDE0039C5D4 /* Info.plist */,
			);
			path = QuizUITests;
			sourceTree = "<group>";
		};
/* End PBXGroup section */

/* Begin PBXNativeTarget section */
		15CDA8A81F3BBDDE0039C5D4 /* Quiz */ = {
			isa = PBXNativeTarget;
			buildConfigurationList = 15CDA8D11F3BBDDE0039C5D4 /* Build configuration list for PBXNativeTarget "Quiz" */;
			buildPhases = (
				15CDA8A51F3BBDDE0039C5D4 /* Sources */,
				15CDA8A61F3BBDDE0039C5D4 /* Frameworks */,
				15CDA8A71F3BBDDE0039C5D4 /* Resources */,
			);
			buildRules = (
			);
			dependencies = (
			);
			name = Quiz;
			productName = Quiz;
			productReference = 15CDA8A91F3BBDDE0039C5D4 /* Quiz.app */;
			productType = "com.apple.product-type.application";
		};
		15CDA8BC1F3BBDDE0039C5D4 /* QuizTests */ = {
			isa = PBXNativeTarget;
			buildConfigurationList = 15CDA8D41F3BBDDE0039C5D4 /* Build configuration list for PBXNativeTarget "QuizTests" */;
			buildPhases = (
				15CDA8B91F3BBDDE0039C5D4 /* Sources */,
				15CDA8BA1F3BBDDE0039C5D4 /* Frameworks */,
				15CDA8BB1F3BBDDE0039C5D4 /* Resources */,
			);
			buildRules = (
			);
			dependencies = (
				15CDA8BF1F3BBDDE0039C5D4 /* PBXTargetDependency */,
			);
			name = QuizTests;
			productName = QuizTests;
			productReference = 15CDA8BD1F3BBDDE0039C5D4 /* QuizTests.xctest */;
			productType = "com.apple.product-type.bundle.unit-test";
		};
		15CDA8C71F3BBDDE0039C5D4 /* QuizUITests */ = {
			isa = PBXNativeTarget;
			buildConfigurationList = 15CDA8D71F3BBDDE0039C5D4 /* Build configuration list for PBXNativeTarget "QuizUITests" */;
			buildPhases = (
				15CDA8C41F3BBDDE0039C5D4 /* Sources */,
				15CDA8C51F3BBDDE0039C5D4 /* Frameworks */,
				15CDA8C61F3BBDDE0039C5D4 /* Resources */,
			);
			buildRules = (
			);
			dependencies = (
				15CDA8CA1F3BBDDE0039C5D4 /* PBXTargetDependency */,
			);
			name = QuizUITests;
			productName = QuizUITests;
			productReference = 15CDA8C81F3BBDDE0039C5D4 /* QuizUITests.xctest */;
			productType = "com.apple.product-type.bundle.ui-testing";
		};
/* End PBXNativeTarget section */

/* Begin PBXProject section */
		15CDA8A11F3BBDDE0039C5D4 /* Project object */ = {
			isa = PBXProject;
			attributes = {
				LastSwiftUpdateCheck = 0830;
				LastUpgradeCheck = 0830;
				ORGANIZATIONNAME = "Michael Pettiford";
				TargetAttributes = {
					15CDA8A81F3BBDDE0039C5D4 = {
						CreatedOnToolsVersion = 8.3.3;
						ProvisioningStyle = Automatic;
					};
					15CDA8BC1F3BBDDE0039C5D4 = {
						CreatedOnToolsVersion = 8.3.3;
						ProvisioningStyle = Automatic;
						TestTargetID = 15CDA8A81F3BBDDE0039C5D4;
					};
					15CDA8C71F3BBDDE0039C5D4 = {
						CreatedOnToolsVersion = 8.3.3;
						ProvisioningStyle = Automatic;
						TestTargetID = 15CDA8A81F3BBDDE0039C5D4;
					};
				};
			};
			buildConfigurationList = 15CDA8A41F3BBDDE0039C5D4 /* Build configuration list for PBXProject "Quiz" */;
			compatibilityVersion = "Xcode 3.2";
			developmentRegion = English;
			hasScannedForEncodings = 0;
			knownRegions = (
				en,
				Base,
			);
			mainGroup = 15CDA8A01F3BBDDE0039C5D4;
			productRefGroup = 15CDA8AA1F3BBDDE0039C5D4 /* Products */;
			projectDirPath = "";
			projectRoot = "";
			targets = (
				15CDA8A81F3BBDDE0039C5D4 /* Quiz */,
				15CDA8BC1F3BBDDE0039C5D4 /* QuizTests */,
				15CDA8C71F3BBDDE0039C5D4 /* QuizUITests */,
			);
		};
/* End PBXProject section */

/* Begin PBXResourcesBuildPhase section */
		15CDA8A71F3BBDDE0039C5D4 /* Resources */ = {
			isa = PBXResourcesBuildPhase;
			buildActionMask = 2147483647;
			files = (
				15CDA8B71F3BBDDE0039C5D4 /* LaunchScreen.storyboard in Resources */,
				15CDA8B41F3BBDDE0039C5D4 /* Assets.xcassets in Resources */,
				15CDA8B21F3BBDDE0039C5D4 /* Main.storyboard in Resources */,
			);
			runOnlyForDeploymentPostprocessing = 0;
		};
		15CDA8BB1F3BBDDE0039C5D4 /* Resources */ = {
			isa = PBXResourcesBuildPhase;
			buildActionMask = 2147483647;
			files = (
			);
			runOnlyForDeploymentPostprocessing = 0;
		};
		15CDA8C61F3BBDDE0039C5D4 /* Resources */ = {
			isa = PBXResourcesBuildPhase;
			buildActionMask = 2147483647;
			files = (
			);
			runOnlyForDeploymentPostprocessing = 0;
		};
/* End PBXResourcesBuildPhase section */

/* Begin PBXSourcesBuildPhase section */
		15CDA8A51F3BBDDE0039C5D4 /* Sources */ = {
			isa = PBXSourcesBuildPhase;
			buildActionMask = 2147483647;
			files = (
				15CDA8AF1F3BBDDE0039C5D4 /* ViewController.swift in Sources */,
				15CDA8AD1F3BBDDE0039C5D4 /* AppDelegate.swift in Sources */,
			);
			runOnlyForDeploymentPostprocessing = 0;
		};
		15CDA8B91F3BBDDE0039C5D4 /* Sources */ = {
			isa = PBXSourcesBuildPhase;
			buildActionMask = 2147483647;
			files = (
				15CDA8C21F3BBDDE0039C5D4 /* QuizTests.swift in Sources */,
			);
			runOnlyForDeploymentPostprocessing = 0;
		};
		15CDA8C41F3BBDDE0039C5D4 /* Sources */ = {
			isa = PBXSourcesBuildPhase;
			buildActionMask = 2147483647;
			files = (
				15CDA8CD1F3BBDDE0039C5D4 /* QuizUITests.swift in Sources */,
			);
			runOnlyForDeploymentPostprocessing = 0;
		};
/* End PBXSourcesBuildPhase section */

/* Begin PBXTargetDependency section */
		15CDA8BF1F3BBDDE0039C5D4 /* PBXTargetDependency */ = {
			isa = PBXTargetDependency;
			target = 15CDA8A81F3BBDDE0039C5D4 /* Quiz */;
			targetProxy = 15CDA8BE1F3BBDDE0039C5D4 /* PBXContainerItemProxy */;
		};
		15CDA8CA1F3BBDDE0039C5D4 /* PBXTargetDependency */ = {
			isa = PBXTargetDependency;
			target = 15CDA8A81F3BBDDE0039C5D4 /* Quiz */;
			targetProxy = 15CDA8C91F3BBDDE0039C5D4 /* PBXContainerItemProxy */;
		};
/* End PBXTargetDependency section */

/* Begin PBXVariantGroup section */
		15CDA8B01F3BBDDE0039C5D4 /* Main.storyboard */ = {
			isa = PBXVariantGroup;
			children = (
				15CDA8B11F3BBDDE0039C5D4 /* Base */,
			);
			name = Main.storyboard;
			sourceTree = "<group>";
		};
		15CDA8B51F3BBDDE0039C5D4 /* LaunchScreen.storyboard */ = {
			isa = PBXVariantGroup;
			children = (
				15CDA8B61F3BBDDE0039C5D4 /* Base */,
			);
			name = LaunchScreen.storyboard;
			sourceTree = "<group>";
		};
/* End PBXVariantGroup section */

/* Begin XCBuildConfiguration section */
		15CDA8CF1F3BBDDE0039C5D4 /* Debug */ = {
			isa = XCBuildConfiguration;
			buildSettings = {
				ALWAYS_SEARCH_USER_PATHS = NO;
				CLANG_ANALYZER_NONNULL = YES;
				CLANG_ANALYZER_NUMBER_OBJECT_CONVERSION = YES_AGGRESSIVE;
				CLANG_CXX_LANGUAGE_STANDARD = "gnu++0x";
				CLANG_CXX_LIBRARY = "libc++";
				CLANG_ENABLE_MODULES = YES;
				CLANG_ENABLE_OBJC_ARC = YES;
				CLANG_WARN_BOOL_CONVERSION = YES;
				CLANG_WARN_CONSTANT_CONVERSION = YES;
				CLANG_WARN_DIRECT_OBJC_ISA_USAGE = YES_ERROR;
				CLANG_WARN_DOCUMENTATION_COMMENTS = YES;
				CLANG_WARN_EMPTY_BODY = YES;
				CLANG_WARN_ENUM_CONVERSION = YES;
				CLANG_WARN_INFINITE_RECURSION = YES;
				CLANG_WARN_INT_CONVERSION = YES;
				CLANG_WARN_OBJC_ROOT_CLASS = YES_ERROR;
				CLANG_WARN_SUSPICIOUS_MOVE = YES;
				CLANG_WARN_UNREACHABLE_CODE = YES;
				CLANG_WARN__DUPLICATE_METHOD_MATCH = YES;
				"CODE_SIGN_IDENTITY[sdk=iphoneos*]" = "iPhone Developer";
				COPY_PHASE_STRIP = NO;
				DEBUG_INFORMATION_FORMAT = dwarf;
				ENABLE_STRICT_OBJC_MSGSEND = YES;
				ENABLE_TESTABILITY = YES;
				GCC_C_LANGUAGE_STANDARD = gnu99;
				GCC_DYNAMIC_NO_PIC = NO;
				GCC_NO_COMMON_BLOCKS = YES;
				GCC_OPTIMIZATION_LEVEL = 0;
				GCC_PREPROCESSOR_DEFINITIONS = (
					"DEBUG=1",
					"$(inherited)",
				);
				GCC_WARN_64_TO_32_BIT_CONVERSION = YES;
				GCC_WARN_ABOUT_RETURN_TYPE = YES_ERROR;
				GCC_WARN_UNDECLARED_SELECTOR = YES;
				GCC_WARN_UNINITIALIZED_AUTOS = YES_AGGRESSIVE;
				GCC_WARN_UNUSED_FUNCTION = YES;
				GCC_WARN_UNUSED_VARIABLE = YES;
				IPHONEOS_DEPLOYMENT_TARGET = 10.3;
				MTL_ENABLE_DEBUG_INFO = YES;
				ONLY_ACTIVE_ARCH = YES;
				SDKROOT = iphoneos;
				SWIFT_ACTIVE_COMPILATION_CONDITIONS = DEBUG;
				SWIFT_OPTIMIZATION_LEVEL = "-Onone";
				TARGETED_DEVICE_FAMILY = "1,2";
			};
			name = Debug;
		};
		15CDA8D01F3BBDDE0039C5D4 /* Release */ = {
			isa = XCBuildConfiguration;
			buildSettings = {
				ALWAYS_SEARCH_USER_PATHS = NO;
				CLANG_ANALYZER_NONNULL = YES;
				CLANG_ANALYZER_NUMBER_OBJECT_CONVERSION = YES_AGGRESSIVE;
				CLANG_CXX_LANGUAGE_STANDARD = "gnu++0x";
				CLANG_CXX_LIBRARY = "libc++";
				CLANG_ENABLE_MODULES = YES;
				CLANG_ENABLE_OBJC_ARC = YES;
				CLANG_WARN_BOOL_CONVERSION = YES;
				CLANG_WARN_CONSTANT_CONVERSION = YES;
				CLANG_WARN_DIRECT_OBJC_ISA_USAGE = YES_ERROR;
				CLANG_WARN_DOCUMENTATION_COMMENTS = YES;
				CLANG_WARN_EMPTY_BODY = YES;
				CLANG_WARN_ENUM_CONVERSION = YES;
				CLANG_WARN_INFINITE_RECURSION = YES;
				CLANG_WARN_INT_CONVERSION = YES;
				CLANG_WARN_OBJC_ROOT_CLASS = YES_ERROR;
				CLANG_WARN_SUSPICIOUS_MOVE = YES;
				CLANG_WARN_UNREACHABLE_CODE = YES;
				CLANG_WARN__DUPLICATE_METHOD_MATCH = YES;
				"CODE_SIGN_IDENTITY[sdk=iphoneos*]" = "iPhone Developer";
				COPY_PHASE_STRIP = NO;
				DEBUG_INFORMATION_FORMAT = "dwarf-with-dsym";
				ENABLE_NS_ASSERTIONS = NO;
				ENABLE_STRICT_OBJC_MSGSEND = YES;
				GCC_C_LANGUAGE_STANDARD = gnu99;
				GCC_NO_COMMON_BLOCKS = YES;
				GCC_WARN_64_TO_32_BIT_CONVERSION = YES;
				GCC_WARN_ABOUT_RETURN_TYPE = YES_ERROR;
				GCC_WARN_UNDECLARED_SELECTOR = YES;
				GCC_WARN_UNINITIALIZED_AUTOS = YES_AGGRESSIVE;
				GCC_WARN_UNUSED_FUNCTION = YES;
				GCC_WARN_UNUSED_VARIABLE = YES;
				IPHONEOS_DEPLOYMENT_TARGET = 10.3;
				MTL_ENABLE_DEBUG_INFO = NO;
				SDKROOT = iphoneos;
				SWIFT_OPTIMIZATION_LEVEL = "-Owholemodule";
				TARGETED_DEVICE_FAMILY = "1,2";
				VALIDATE_PRODUCT = YES;
			};
			name = Release;
		};
		15CDA8D21F3BBDDE0039C5D4 /* Debug */ = {
			isa = XCBuildConfiguration;
			buildSettings = {
				ASSETCATALOG_COMPILER_APPICON_NAME = AppIcon;
				INFOPLIST_FILE = Quiz/Info.plist;
				LD_RUNPATH_SEARCH_PATHS = "$(inherited) @executable_path/Frameworks";
				PRODUCT_BUNDLE_IDENTIFIER = com.mp.Quiz;
				PRODUCT_NAME = "$(TARGET_NAME)";
				SWIFT_VERSION = 3.0;
			};
			name = Debug;
		};
		15CDA8D31F3BBDDE0039C5D4 /* Release */ = {
			isa = XCBuildConfiguration;
			buildSettings = {
				ASSETCATALOG_COMPILER_APPICON_NAME = AppIcon;
				INFOPLIST_FILE = Quiz/Info.plist;
				LD_RUNPATH_SEARCH_PATHS = "$(inherited) @executable_path/Frameworks";
				PRODUCT_BUNDLE_IDENTIFIER = com.mp.Quiz;
				PRODUCT_NAME = "$(TARGET_NAME)";
				SWIFT_VERSION = 3.0;
			};
			name = Release;
		};
		15CDA8D51F3BBDDE0039C5D4 /* Debug */ = {
			isa = XCBuildConfiguration;
			buildSettings = {
				ALWAYS_EMBED_SWIFT_STANDARD_LIBRARIES = YES;
				BUNDLE_LOADER = "$(TEST_HOST)";
				INFOPLIST_FILE = QuizTests/Info.plist;
				LD_RUNPATH_SEARCH_PATHS = "$(inherited) @executable_path/Frameworks @loader_path/Frameworks";
				PRODUCT_BUNDLE_IDENTIFIER = com.mp.QuizTests;
				PRODUCT_NAME = "$(TARGET_NAME)";
				SWIFT_VERSION = 3.0;
				TEST_HOST = "$(BUILT_PRODUCTS_DIR)/Quiz.app/Quiz";
			};
			name = Debug;
		};
		15CDA8D61F3BBDDE0039C5D4 /* Release */ = {
			isa = XCBuildConfiguration;
			buildSettings = {
				ALWAYS_EMBED_SWIFT_STANDARD_LIBRARIES = YES;
				BUNDLE_LOADER = "$(TEST_HOST)";
				INFOPLIST_FILE = QuizTests/Info.plist;
				LD_RUNPATH_SEARCH_PATHS = "$(inherited) @executable_path/Frameworks @loader_path/Frameworks";
				PRODUCT_BUNDLE_IDENTIFIER = com.mp.QuizTests;
				PRODUCT_NAME = "$(TARGET_NAME)";
				SWIFT_VERSION = 3.0;
				TEST_HOST = "$(BUILT_PRODUCTS_DIR)/Quiz.app/Quiz";
			};
			name = Release;
		};
		15CDA8D81F3BBDDE0039C5D4 /* Debug */ = {
			isa = XCBuildConfiguration;
			buildSettings = {
				ALWAYS_EMBED_SWIFT_STANDARD_LIBRARIES = YES;
				INFOPLIST_FILE = QuizUITests/Info.plist;
				LD_RUNPATH_SEARCH_PATHS = "$(inherited) @executable_path/Frameworks @loader_path/Frameworks";
				PRODUCT_BUNDLE_IDENTIFIER = com.mp.QuizUITests;
				PRODUCT_NAME = "$(TARGET_NAME)";
				SWIFT_VERSION = 3.0;
				TEST_TARGET_NAME = Quiz;
			};
			name = Debug;
		};
		15CDA8D91F3BBDDE0039C5D4 /* Release */ = {
			isa = XCBuildConfiguration;
			buildSettings = {
				ALWAYS_EMBED_SWIFT_STANDARD_LIBRARIES = YES;
				INFOPLIST_FILE = QuizUITests/Info.plist;
				LD_RUNPATH_SEARCH_PATHS = "$(inherited) @executable_path/Frameworks @loader_path/Frameworks";
				PRODUCT_BUNDLE_IDENTIFIER = com.mp.QuizUITests;
				PRODUCT_NAME = "$(TARGET_NAME)";
				SWIFT_VERSION = 3.0;
				TEST_TARGET_NAME = Quiz;
			};
			name = Release;
		};
/* End XCBuildConfiguration section */

/* Begin XCConfigurationList section */
		15CDA8A41F3BBDDE0039C5D4 /* Build configuration list for PBXProject "Quiz" */ = {
			isa = XCConfigurationList;
			buildConfigurations = (
				15CDA8CF1F3BBDDE0039C5D4 /* Debug */,
				15CDA8D01F3BBDDE0039C5D4 /* Release */,
			);
			defaultConfigurationIsVisible = 0;
			defaultConfigurationName = Release;
		};
		15CDA8D11F3BBDDE0039C5D4 /* Build configuration list for PBXNativeTarget "Quiz" */ = {
			isa = XCConfigurationList;
			buildConfigurations = (
				15CDA8D21F3BBDDE0039C5D4 /* Debug */,
				15CDA8D31F3BBDDE0039C5D4 /* Release */,
			);
			defaultConfigurationIsVisible = 0;
		};
		15CDA8D41F3BBDDE0039C5D4 /* Build configuration list for PBXNativeTarget "QuizTests" */ = {
			isa = XCConfigurationList;
			buildConfigurations = (
				15CDA8D51F3BBDDE0039C5D4 /* Debug */,
				15CDA8D61F3BBDDE0039C5D4 /* Release */,
			);
			defaultConfigurationIsVisible = 0;
		};
		15CDA8D71F3BBDDE0039C5D4 /* Build configuration list for PBXNativeTarget "QuizUITests" */ = {
			isa = XCConfigurationList;
			buildConfigurations = (
				15CDA8D81F3BBDDE0039C5D4 /* Debug */,
				15CDA8D91F3BBDDE0039C5D4 /* Release */,
			);
			defaultConfigurationIsVisible = 0;
		};
/* End XCConfigurationList section */
	};
	rootObject = 15CDA8A11F3BBDDE0039C5D4 /* Project object */;
}
