// !$*UTF8*$!
{
	archiveVersion = 1;
	classes = {
	};
	objectVersion = 46;
	objects = {

/* Begin PBXBuildFile section */
		156FE38D1F7304F2000D891C /* FlickerAPI.swift in Sources */ = {isa = PBXBuildFile; fileRef = 156FE38C1F7304F2000D891C /* FlickerAPI.swift */; };
		156FE38F1F730952000D891C /* PhotoStore.swift in Sources */ = {isa = PBXBuildFile; fileRef = 156FE38E1F730952000D891C /* PhotoStore.swift */; };
		156FE3911F730DB9000D891C /* Photo.swift in Sources */ = {isa = PBXBuildFile; fileRef = 156FE3901F730DB9000D891C /* Photo.swift */; };
		15CD6FC41F7AD98E00B04D48 /* PhotoDataSource.swift in Sources */ = {isa = PBXBuildFile; fileRef = 15CD6FC31F7AD98E00B04D48 /* PhotoDataSource.swift */; };
		15CD6FC61F7ADC7300B04D48 /* PhotoCollectionViewCell.swift in Sources */ = {isa = PBXBuildFile; fileRef = 15CD6FC51F7ADC7300B04D48 /* PhotoCollectionViewCell.swift */; };
		15D8D5661F6340E80000CB6D /* AppDelegate.swift in Sources */ = {isa = PBXBuildFile; fileRef = 15D8D5651F6340E80000CB6D /* AppDelegate.swift */; };
		15D8D56B1F6340E80000CB6D /* Main.storyboard in Resources */ = {isa = PBXBuildFile; fileRef = 15D8D5691F6340E80000CB6D /* Main.storyboard */; };
		15D8D56D1F6340E80000CB6D /* Assets.xcassets in Resources */ = {isa = PBXBuildFile; fileRef = 15D8D56C1F6340E80000CB6D /* Assets.xcassets */; };
		15D8D5701F6340E80000CB6D /* LaunchScreen.storyboard in Resources */ = {isa = PBXBuildFile; fileRef = 15D8D56E1F6340E80000CB6D /* LaunchScreen.storyboard */; };
		15D8D57B1F6340E80000CB6D /* PhotoramaTests.swift in Sources */ = {isa = PBXBuildFile; fileRef = 15D8D57A1F6340E80000CB6D /* PhotoramaTests.swift */; };
		15D8D5861F6340E80000CB6D /* PhotoramaUITests.swift in Sources */ = {isa = PBXBuildFile; fileRef = 15D8D5851F6340E80000CB6D /* PhotoramaUITests.swift */; };
		15D8D5941F6341210000CB6D /* PhotosViewController.swift in Sources */ = {isa = PBXBuildFile; fileRef = 15D8D5931F6341210000CB6D /* PhotosViewController.swift */; };
/* End PBXBuildFile section */

/* Begin PBXContainerItemProxy section */
		15D8D5771F6340E80000CB6D /* PBXContainerItemProxy */ = {
			isa = PBXContainerItemProxy;
			containerPortal = 15D8D55A1F6340E80000CB6D /* Project object */;
			proxyType = 1;
			remoteGlobalIDString = 15D8D5611F6340E80000CB6D;
			remoteInfo = Photorama;
		};
		15D8D5821F6340E80000CB6D /* PBXContainerItemProxy */ = {
			isa = PBXContainerItemProxy;
			containerPortal = 15D8D55A1F6340E80000CB6D /* Project object */;
			proxyType = 1;
			remoteGlobalIDString = 15D8D5611F6340E80000CB6D;
			remoteInfo = Photorama;
		};
/* End PBXContainerItemProxy section */

/* Begin PBXFileReference section */
		156FE38C1F7304F2000D891C /* FlickerAPI.swift */ = {isa = PBXFileReference; fileEncoding = 4; lastKnownFileType = sourcecode.swift; path = FlickerAPI.swift; sourceTree = "<group>"; };
		156FE38E1F730952000D891C /* PhotoStore.swift */ = {isa = PBXFileReference; fileEncoding = 4; lastKnownFileType = sourcecode.swift; path = PhotoStore.swift; sourceTree = "<group>"; };
		156FE3901F730DB9000D891C /* Photo.swift */ = {isa = PBXFileReference; fileEncoding = 4; lastKnownFileType = sourcecode.swift; path = Photo.swift; sourceTree = "<group>"; };
		15CD6FC31F7AD98E00B04D48 /* PhotoDataSource.swift */ = {isa = PBXFileReference; lastKnownFileType = sourcecode.swift; path = PhotoDataSource.swift; sourceTree = "<group>"; };
		15CD6FC51F7ADC7300B04D48 /* PhotoCollectionViewCell.swift */ = {isa = PBXFileReference; lastKnownFileType = sourcecode.swift; path = PhotoCollectionViewCell.swift; sourceTree = "<group>"; };
		15D8D5621F6340E80000CB6D /* Photorama.app */ = {isa = PBXFileReference; explicitFileType = wrapper.application; includeInIndex = 0; path = Photorama.app; sourceTree = BUILT_PRODUCTS_DIR; };
		15D8D5651F6340E80000CB6D /* AppDelegate.swift */ = {isa = PBXFileReference; lastKnownFileType = sourcecode.swift; path = AppDelegate.swift; sourceTree = "<group>"; };
		15D8D56A1F6340E80000CB6D /* Base */ = {isa = PBXFileReference; lastKnownFileType = file.storyboard; name = Base; path = Base.lproj/Main.storyboard; sourceTree = "<group>"; };
		15D8D56C1F6340E80000CB6D /* Assets.xcassets */ = {isa = PBXFileReference; lastKnownFileType = folder.assetcatalog; path = Assets.xcassets; sourceTree = "<group>"; };
		15D8D56F1F6340E80000CB6D /* Base */ = {isa = PBXFileReference; lastKnownFileType = file.storyboard; name = Base; path = Base.lproj/LaunchScreen.storyboard; sourceTree = "<group>"; };
		15D8D5711F6340E80000CB6D /* Info.plist */ = {isa = PBXFileReference; lastKnownFileType = text.plist.xml; path = Info.plist; sourceTree = "<group>"; };
		15D8D5761F6340E80000CB6D /* PhotoramaTests.xctest */ = {isa = PBXFileReference; explicitFileType = wrapper.cfbundle; includeInIndex = 0; path = PhotoramaTests.xctest; sourceTree = BUILT_PRODUCTS_DIR; };
		15D8D57A1F6340E80000CB6D /* PhotoramaTests.swift */ = {isa = PBXFileReference; lastKnownFileType = sourcecode.swift; path = PhotoramaTests.swift; sourceTree = "<group>"; };
		15D8D57C1F6340E80000CB6D /* Info.plist */ = {isa = PBXFileReference; lastKnownFileType = text.plist.xml; path = Info.plist; sourceTree = "<group>"; };
		15D8D5811F6340E80000CB6D /* PhotoramaUITests.xctest */ = {isa = PBXFileReference; explicitFileType = wrapper.cfbundle; includeInIndex = 0; path = PhotoramaUITests.xctest; sourceTree = BUILT_PRODUCTS_DIR; };
		15D8D5851F6340E80000CB6D /* PhotoramaUITests.swift */ = {isa = PBXFileReference; lastKnownFileType = sourcecode.swift; path = PhotoramaUITests.swift; sourceTree = "<group>"; };
		15D8D5871F6340E80000CB6D /* Info.plist */ = {isa = PBXFileReference; lastKnownFileType = text.plist.xml; path = Info.plist; sourceTree = "<group>"; };
		15D8D5931F6341210000CB6D /* PhotosViewController.swift */ = {isa = PBXFileReference; fileEncoding = 4; lastKnownFileType = sourcecode.swift; name = PhotosViewController.swift; path = ../PhotosViewController.swift; sourceTree = "<group>"; };
/* End PBXFileReference section */

/* Begin PBXFrameworksBuildPhase section */
		15D8D55F1F6340E80000CB6D /* Frameworks */ = {
			isa = PBXFrameworksBuildPhase;
			buildActionMask = 2147483647;
			files = (
			);
			runOnlyForDeploymentPostprocessing = 0;
		};
		15D8D5731F6340E80000CB6D /* Frameworks */ = {
			isa = PBXFrameworksBuildPhase;
			buildActionMask = 2147483647;
			files = (
			);
			runOnlyForDeploymentPostprocessing = 0;
		};
		15D8D57E1F6340E80000CB6D /* Frameworks */ = {
			isa = PBXFrameworksBuildPhase;
			buildActionMask = 2147483647;
			files = (
			);
			runOnlyForDeploymentPostprocessing = 0;
		};
/* End PBXFrameworksBuildPhase section */

/* Begin PBXGroup section */
		15D8D5591F6340E80000CB6D = {
			isa = PBXGroup;
			children = (
				15D8D5641F6340E80000CB6D /* Photorama */,
				15D8D5791F6340E80000CB6D /* PhotoramaTests */,
				15D8D5841F6340E80000CB6D /* PhotoramaUITests */,
				15D8D5631F6340E80000CB6D /* Products */,
			);
			sourceTree = "<group>";
		};
		15D8D5631F6340E80000CB6D /* Products */ = {
			isa = PBXGroup;
			children = (
				15D8D5621F6340E80000CB6D /* Photorama.app */,
				15D8D5761F6340E80000CB6D /* PhotoramaTests.xctest */,
				15D8D5811F6340E80000CB6D /* PhotoramaUITests.xctest */,
			);
			name = Products;
			sourceTree = "<group>";
		};
		15D8D5641F6340E80000CB6D /* Photorama */ = {
			isa = PBXGroup;
			children = (
				15D8D5931F6341210000CB6D /* PhotosViewController.swift */,
				15CD6FC51F7ADC7300B04D48 /* PhotoCollectionViewCell.swift */,
				15D8D5651F6340E80000CB6D /* AppDelegate.swift */,
				15D8D5691F6340E80000CB6D /* Main.storyboard */,
				15CD6FC31F7AD98E00B04D48 /* PhotoDataSource.swift */,
				15D8D56C1F6340E80000CB6D /* Assets.xcassets */,
				15D8D56E1F6340E80000CB6D /* LaunchScreen.storyboard */,
				15D8D5711F6340E80000CB6D /* Info.plist */,
				156FE38C1F7304F2000D891C /* FlickerAPI.swift */,
				156FE38E1F730952000D891C /* PhotoStore.swift */,
				156FE3901F730DB9000D891C /* Photo.swift */,
			);
			path = Photorama;
			sourceTree = "<group>";
		};
		15D8D5791F6340E80000CB6D /* PhotoramaTests */ = {
			isa = PBXGroup;
			children = (
				15D8D57A1F6340E80000CB6D /* PhotoramaTests.swift */,
				15D8D57C1F6340E80000CB6D /* Info.plist */,
			);
			path = PhotoramaTests;
			sourceTree = "<group>";
		};
		15D8D5841F6340E80000CB6D /* PhotoramaUITests */ = {
			isa = PBXGroup;
			children = (
				15D8D5851F6340E80000CB6D /* PhotoramaUITests.swift */,
				15D8D5871F6340E80000CB6D /* Info.plist */,
			);
			path = PhotoramaUITests;
			sourceTree = "<group>";
		};
/* End PBXGroup section */

/* Begin PBXNativeTarget section */
		15D8D5611F6340E80000CB6D /* Photorama */ = {
			isa = PBXNativeTarget;
			buildConfigurationList = 15D8D58A1F6340E80000CB6D /* Build configuration list for PBXNativeTarget "Photorama" */;
			buildPhases = (
				15D8D55E1F6340E80000CB6D /* Sources */,
				15D8D55F1F6340E80000CB6D /* Frameworks */,
				15D8D5601F6340E80000CB6D /* Resources */,
			);
			buildRules = (
			);
			dependencies = (
			);
			name = Photorama;
			productName = Photorama;
			productReference = 15D8D5621F6340E80000CB6D /* Photorama.app */;
			productType = "com.apple.product-type.application";
		};
		15D8D5751F6340E80000CB6D /* PhotoramaTests */ = {
			isa = PBXNativeTarget;
			buildConfigurationList = 15D8D58D1F6340E80000CB6D /* Build configuration list for PBXNativeTarget "PhotoramaTests" */;
			buildPhases = (
				15D8D5721F6340E80000CB6D /* Sources */,
				15D8D5731F6340E80000CB6D /* Frameworks */,
				15D8D5741F6340E80000CB6D /* Resources */,
			);
			buildRules = (
			);
			dependencies = (
				15D8D5781F6340E80000CB6D /* PBXTargetDependency */,
			);
			name = PhotoramaTests;
			productName = PhotoramaTests;
			productReference = 15D8D5761F6340E80000CB6D /* PhotoramaTests.xctest */;
			productType = "com.apple.product-type.bundle.unit-test";
		};
		15D8D5801F6340E80000CB6D /* PhotoramaUITests */ = {
			isa = PBXNativeTarget;
			buildConfigurationList = 15D8D5901F6340E80000CB6D /* Build configuration list for PBXNativeTarget "PhotoramaUITests" */;
			buildPhases = (
				15D8D57D1F6340E80000CB6D /* Sources */,
				15D8D57E1F6340E80000CB6D /* Frameworks */,
				15D8D57F1F6340E80000CB6D /* Resources */,
			);
			buildRules = (
			);
			dependencies = (
				15D8D5831F6340E80000CB6D /* PBXTargetDependency */,
			);
			name = PhotoramaUITests;
			productName = PhotoramaUITests;
			productReference = 15D8D5811F6340E80000CB6D /* PhotoramaUITests.xctest */;
			productType = "com.apple.product-type.bundle.ui-testing";
		};
/* End PBXNativeTarget section */

/* Begin PBXProject section */
		15D8D55A1F6340E80000CB6D /* Project object */ = {
			isa = PBXProject;
			attributes = {
				LastSwiftUpdateCheck = 0830;
				LastUpgradeCheck = 0900;
				ORGANIZATIONNAME = "Michael Pettiford";
				TargetAttributes = {
					15D8D5611F6340E80000CB6D = {
						CreatedOnToolsVersion = 8.3.3;
						LastSwiftMigration = 0900;
						ProvisioningStyle = Automatic;
					};
					15D8D5751F6340E80000CB6D = {
						CreatedOnToolsVersion = 8.3.3;
						LastSwiftMigration = 0900;
						ProvisioningStyle = Automatic;
						TestTargetID = 15D8D5611F6340E80000CB6D;
					};
					15D8D5801F6340E80000CB6D = {
						CreatedOnToolsVersion = 8.3.3;
						LastSwiftMigration = 0900;
						ProvisioningStyle = Automatic;
						TestTargetID = 15D8D5611F6340E80000CB6D;
					};
				};
			};
			buildConfigurationList = 15D8D55D1F6340E80000CB6D /* Build configuration list for PBXProject "Photorama" */;
			compatibilityVersion = "Xcode 3.2";
			developmentRegion = English;
			hasScannedForEncodings = 0;
			knownRegions = (
				en,
				Base,
			);
			mainGroup = 15D8D5591F6340E80000CB6D;
			productRefGroup = 15D8D5631F6340E80000CB6D /* Products */;
			projectDirPath = "";
			projectRoot = "";
			targets = (
				15D8D5611F6340E80000CB6D /* Photorama */,
				15D8D5751F6340E80000CB6D /* PhotoramaTests */,
				15D8D5801F6340E80000CB6D /* PhotoramaUITests */,
			);
		};
/* End PBXProject section */

/* Begin PBXResourcesBuildPhase section */
		15D8D5601F6340E80000CB6D /* Resources */ = {
			isa = PBXResourcesBuildPhase;
			buildActionMask = 2147483647;
			files = (
				15D8D5701F6340E80000CB6D /* LaunchScreen.storyboard in Resources */,
				15D8D56D1F6340E80000CB6D /* Assets.xcassets in Resources */,
				15D8D56B1F6340E80000CB6D /* Main.storyboard in Resources */,
			);
			runOnlyForDeploymentPostprocessing = 0;
		};
		15D8D5741F6340E80000CB6D /* Resources */ = {
			isa = PBXResourcesBuildPhase;
			buildActionMask = 2147483647;
			files = (
			);
			runOnlyForDeploymentPostprocessing = 0;
		};
		15D8D57F1F6340E80000CB6D /* Resources */ = {
			isa = PBXResourcesBuildPhase;
			buildActionMask = 2147483647;
			files = (
			);
			runOnlyForDeploymentPostprocessing = 0;
		};
/* End PBXResourcesBuildPhase section */

/* Begin PBXSourcesBuildPhase section */
		15D8D55E1F6340E80000CB6D /* Sources */ = {
			isa = PBXSourcesBuildPhase;
			buildActionMask = 2147483647;
			files = (
				15D8D5941F6341210000CB6D /* PhotosViewController.swift in Sources */,
				15D8D5661F6340E80000CB6D /* AppDelegate.swift in Sources */,
				156FE38F1F730952000D891C /* PhotoStore.swift in Sources */,
				15CD6FC41F7AD98E00B04D48 /* PhotoDataSource.swift in Sources */,
				15CD6FC61F7ADC7300B04D48 /* PhotoCollectionViewCell.swift in Sources */,
				156FE38D1F7304F2000D891C /* FlickerAPI.swift in Sources */,
				156FE3911F730DB9000D891C /* Photo.swift in Sources */,
			);
			runOnlyForDeploymentPostprocessing = 0;
		};
		15D8D5721F6340E80000CB6D /* Sources */ = {
			isa = PBXSourcesBuildPhase;
			buildActionMask = 2147483647;
			files = (
				15D8D57B1F6340E80000CB6D /* PhotoramaTests.swift in Sources */,
			);
			runOnlyForDeploymentPostprocessing = 0;
		};
		15D8D57D1F6340E80000CB6D /* Sources */ = {
			isa = PBXSourcesBuildPhase;
			buildActionMask = 2147483647;
			files = (
				15D8D5861F6340E80000CB6D /* PhotoramaUITests.swift in Sources */,
			);
			runOnlyForDeploymentPostprocessing = 0;
		};
/* End PBXSourcesBuildPhase section */

/* Begin PBXTargetDependency section */
		15D8D5781F6340E80000CB6D /* PBXTargetDependency */ = {
			isa = PBXTargetDependency;
			target = 15D8D5611F6340E80000CB6D /* Photorama */;
			targetProxy = 15D8D5771F6340E80000CB6D /* PBXContainerItemProxy */;
		};
		15D8D5831F6340E80000CB6D /* PBXTargetDependency */ = {
			isa = PBXTargetDependency;
			target = 15D8D5611F6340E80000CB6D /* Photorama */;
			targetProxy = 15D8D5821F6340E80000CB6D /* PBXContainerItemProxy */;
		};
/* End PBXTargetDependency section */

/* Begin PBXVariantGroup section */
		15D8D5691F6340E80000CB6D /* Main.storyboard */ = {
			isa = PBXVariantGroup;
			children = (
				15D8D56A1F6340E80000CB6D /* Base */,
			);
			name = Main.storyboard;
			sourceTree = "<group>";
		};
		15D8D56E1F6340E80000CB6D /* LaunchScreen.storyboard */ = {
			isa = PBXVariantGroup;
			children = (
				15D8D56F1F6340E80000CB6D /* Base */,
			);
			name = LaunchScreen.storyboard;
			sourceTree = "<group>";
		};
/* End PBXVariantGroup section */

/* Begin XCBuildConfiguration section */
		15D8D5881F6340E80000CB6D /* Debug */ = {
			isa = XCBuildConfiguration;
			buildSettings = {
				ALWAYS_SEARCH_USER_PATHS = NO;
				CLANG_ANALYZER_NONNULL = YES;
				CLANG_ANALYZER_NUMBER_OBJECT_CONVERSION = YES_AGGRESSIVE;
				CLANG_CXX_LANGUAGE_STANDARD = "gnu++0x";
				CLANG_CXX_LIBRARY = "libc++";
				CLANG_ENABLE_MODULES = YES;
				CLANG_ENABLE_OBJC_ARC = YES;
				CLANG_WARN_BLOCK_CAPTURE_AUTORELEASING = YES;
				CLANG_WARN_BOOL_CONVERSION = YES;
				CLANG_WARN_COMMA = YES;
				CLANG_WARN_CONSTANT_CONVERSION = YES;
				CLANG_WARN_DIRECT_OBJC_ISA_USAGE = YES_ERROR;
				CLANG_WARN_DOCUMENTATION_COMMENTS = YES;
				CLANG_WARN_EMPTY_BODY = YES;
				CLANG_WARN_ENUM_CONVERSION = YES;
				CLANG_WARN_INFINITE_RECURSION = YES;
				CLANG_WARN_INT_CONVERSION = YES;
				CLANG_WARN_NON_LITERAL_NULL_CONVERSION = YES;
				CLANG_WARN_OBJC_LITERAL_CONVERSION = YES;
				CLANG_WARN_OBJC_ROOT_CLASS = YES_ERROR;
				CLANG_WARN_RANGE_LOOP_ANALYSIS = YES;
				CLANG_WARN_STRICT_PROTOTYPES = YES;
				CLANG_WARN_SUSPICIOUS_MOVE = YES;
				CLANG_WARN_UNREACHABLE_CODE = YES;
				CLANG_WARN__DUPLICATE_METHOD_MATCH = YES;
				"CODE_SIGN_IDENTITY[sdk=iphoneos*]" = "iPhone Developer";
				COPY_PHASE_STRIP = NO;
				DEBUG_INFORMATION_FORMAT = dwarf;
				ENABLE_STRICT_OBJC_MSGSEND = YES;
				ENABLE_TESTABILITY = YES;
				GCC_C_LANGUAGE_STANDARD = gnu99;
				GCC_DYNAMIC_NO_PIC = NO;
				GCC_NO_COMMON_BLOCKS = YES;
				GCC_OPTIMIZATION_LEVEL = 0;
				GCC_PREPROCESSOR_DEFINITIONS = (
					"DEBUG=1",
					"$(inherited)",
				);
				GCC_WARN_64_TO_32_BIT_CONVERSION = YES;
				GCC_WARN_ABOUT_RETURN_TYPE = YES_ERROR;
				GCC_WARN_UNDECLARED_SELECTOR = YES;
				GCC_WARN_UNINITIALIZED_AUTOS = YES_AGGRESSIVE;
				GCC_WARN_UNUSED_FUNCTION = YES;
				GCC_WARN_UNUSED_VARIABLE = YES;
				IPHONEOS_DEPLOYMENT_TARGET = 10.3;
				MTL_ENABLE_DEBUG_INFO = YES;
				ONLY_ACTIVE_ARCH = YES;
				SDKROOT = iphoneos;
				SWIFT_ACTIVE_COMPILATION_CONDITIONS = DEBUG;
				SWIFT_OPTIMIZATION_LEVEL = "-Onone";
				TARGETED_DEVICE_FAMILY = "1,2";
			};
			name = Debug;
		};
		15D8D5891F6340E80000CB6D /* Release */ = {
			isa = XCBuildConfiguration;
			buildSettings = {
				ALWAYS_SEARCH_USER_PATHS = NO;
				CLANG_ANALYZER_NONNULL = YES;
				CLANG_ANALYZER_NUMBER_OBJECT_CONVERSION = YES_AGGRESSIVE;
				CLANG_CXX_LANGUAGE_STANDARD = "gnu++0x";
				CLANG_CXX_LIBRARY = "libc++";
				CLANG_ENABLE_MODULES = YES;
				CLANG_ENABLE_OBJC_ARC = YES;
				CLANG_WARN_BLOCK_CAPTURE_AUTORELEASING = YES;
				CLANG_WARN_BOOL_CONVERSION = YES;
				CLANG_WARN_COMMA = YES;
				CLANG_WARN_CONSTANT_CONVERSION = YES;
				CLANG_WARN_DIRECT_OBJC_ISA_USAGE = YES_ERROR;
				CLANG_WARN_DOCUMENTATION_COMMENTS = YES;
				CLANG_WARN_EMPTY_BODY = YES;
				CLANG_WARN_ENUM_CONVERSION = YES;
				CLANG_WARN_INFINITE_RECURSION = YES;
				CLANG_WARN_INT_CONVERSION = YES;
				CLANG_WARN_NON_LITERAL_NULL_CONVERSION = YES;
				CLANG_WARN_OBJC_LITERAL_CONVERSION = YES;
				CLANG_WARN_OBJC_ROOT_CLASS = YES_ERROR;
				CLANG_WARN_RANGE_LOOP_ANALYSIS = YES;
				CLANG_WARN_STRICT_PROTOTYPES = YES;
				CLANG_WARN_SUSPICIOUS_MOVE = YES;
				CLANG_WARN_UNREACHABLE_CODE = YES;
				CLANG_WARN__DUPLICATE_METHOD_MATCH = YES;
				"CODE_SIGN_IDENTITY[sdk=iphoneos*]" = "iPhone Developer";
				COPY_PHASE_STRIP = NO;
				DEBUG_INFORMATION_FORMAT = "dwarf-with-dsym";
				ENABLE_NS_ASSERTIONS = NO;
				ENABLE_STRICT_OBJC_MSGSEND = YES;
				GCC_C_LANGUAGE_STANDARD = gnu99;
				GCC_NO_COMMON_BLOCKS = YES;
				GCC_WARN_64_TO_32_BIT_CONVERSION = YES;
				GCC_WARN_ABOUT_RETURN_TYPE = YES_ERROR;
				GCC_WARN_UNDECLARED_SELECTOR = YES;
				GCC_WARN_UNINITIALIZED_AUTOS = YES_AGGRESSIVE;
				GCC_WARN_UNUSED_FUNCTION = YES;
				GCC_WARN_UNUSED_VARIABLE = YES;
				IPHONEOS_DEPLOYMENT_TARGET = 10.3;
				MTL_ENABLE_DEBUG_INFO = NO;
				SDKROOT = iphoneos;
				SWIFT_OPTIMIZATION_LEVEL = "-Owholemodule";
				TARGETED_DEVICE_FAMILY = "1,2";
				VALIDATE_PRODUCT = YES;
			};
			name = Release;
		};
		15D8D58B1F6340E80000CB6D /* Debug */ = {
			isa = XCBuildConfiguration;
			buildSettings = {
				ASSETCATALOG_COMPILER_APPICON_NAME = AppIcon;
				INFOPLIST_FILE = Photorama/Info.plist;
				LD_RUNPATH_SEARCH_PATHS = "$(inherited) @executable_path/Frameworks";
				PRODUCT_BUNDLE_IDENTIFIER = com.mp.Photorama;
				PRODUCT_NAME = "$(TARGET_NAME)";
				SWIFT_SWIFT3_OBJC_INFERENCE = On;
				SWIFT_VERSION = 4.0;
			};
			name = Debug;
		};
		15D8D58C1F6340E80000CB6D /* Release */ = {
			isa = XCBuildConfiguration;
			buildSettings = {
				ASSETCATALOG_COMPILER_APPICON_NAME = AppIcon;
				INFOPLIST_FILE = Photorama/Info.plist;
				LD_RUNPATH_SEARCH_PATHS = "$(inherited) @executable_path/Frameworks";
				PRODUCT_BUNDLE_IDENTIFIER = com.mp.Photorama;
				PRODUCT_NAME = "$(TARGET_NAME)";
				SWIFT_SWIFT3_OBJC_INFERENCE = On;
				SWIFT_VERSION = 4.0;
			};
			name = Release;
		};
		15D8D58E1F6340E80000CB6D /* Debug */ = {
			isa = XCBuildConfiguration;
			buildSettings = {
				ALWAYS_EMBED_SWIFT_STANDARD_LIBRARIES = YES;
				BUNDLE_LOADER = "$(TEST_HOST)";
				INFOPLIST_FILE = PhotoramaTests/Info.plist;
				LD_RUNPATH_SEARCH_PATHS = "$(inherited) @executable_path/Frameworks @loader_path/Frameworks";
				PRODUCT_BUNDLE_IDENTIFIER = com.mp.PhotoramaTests;
				PRODUCT_NAME = "$(TARGET_NAME)";
				SWIFT_SWIFT3_OBJC_INFERENCE = On;
				SWIFT_VERSION = 4.0;
				TEST_HOST = "$(BUILT_PRODUCTS_DIR)/Photorama.app/Photorama";
			};
			name = Debug;
		};
		15D8D58F1F6340E80000CB6D /* Release */ = {
			isa = XCBuildConfiguration;
			buildSettings = {
				ALWAYS_EMBED_SWIFT_STANDARD_LIBRARIES = YES;
				BUNDLE_LOADER = "$(TEST_HOST)";
				INFOPLIST_FILE = PhotoramaTests/Info.plist;
				LD_RUNPATH_SEARCH_PATHS = "$(inherited) @executable_path/Frameworks @loader_path/Frameworks";
				PRODUCT_BUNDLE_IDENTIFIER = com.mp.PhotoramaTests;
				PRODUCT_NAME = "$(TARGET_NAME)";
				SWIFT_SWIFT3_OBJC_INFERENCE = On;
				SWIFT_VERSION = 4.0;
				TEST_HOST = "$(BUILT_PRODUCTS_DIR)/Photorama.app/Photorama";
			};
			name = Release;
		};
		15D8D5911F6340E80000CB6D /* Debug */ = {
			isa = XCBuildConfiguration;
			buildSettings = {
				ALWAYS_EMBED_SWIFT_STANDARD_LIBRARIES = YES;
				INFOPLIST_FILE = PhotoramaUITests/Info.plist;
				LD_RUNPATH_SEARCH_PATHS = "$(inherited) @executable_path/Frameworks @loader_path/Frameworks";
				PRODUCT_BUNDLE_IDENTIFIER = com.mp.PhotoramaUITests;
				PRODUCT_NAME = "$(TARGET_NAME)";
				SWIFT_SWIFT3_OBJC_INFERENCE = On;
				SWIFT_VERSION = 4.0;
				TEST_TARGET_NAME = Photorama;
			};
			name = Debug;
		};
		15D8D5921F6340E80000CB6D /* Release */ = {
			isa = XCBuildConfiguration;
			buildSettings = {
				ALWAYS_EMBED_SWIFT_STANDARD_LIBRARIES = YES;
				INFOPLIST_FILE = PhotoramaUITests/Info.plist;
				LD_RUNPATH_SEARCH_PATHS = "$(inherited) @executable_path/Frameworks @loader_path/Frameworks";
				PRODUCT_BUNDLE_IDENTIFIER = com.mp.PhotoramaUITests;
				PRODUCT_NAME = "$(TARGET_NAME)";
				SWIFT_SWIFT3_OBJC_INFERENCE = On;
				SWIFT_VERSION = 4.0;
				TEST_TARGET_NAME = Photorama;
			};
			name = Release;
		};
/* End XCBuildConfiguration section */

/* Begin XCConfigurationList section */
		15D8D55D1F6340E80000CB6D /* Build configuration list for PBXProject "Photorama" */ = {
			isa = XCConfigurationList;
			buildConfigurations = (
				15D8D5881F6340E80000CB6D /* Debug */,
				15D8D5891F6340E80000CB6D /* Release */,
			);
			defaultConfigurationIsVisible = 0;
			defaultConfigurationName = Release;
		};
		15D8D58A1F6340E80000CB6D /* Build configuration list for PBXNativeTarget "Photorama" */ = {
			isa = XCConfigurationList;
			buildConfigurations = (
				15D8D58B1F6340E80000CB6D /* Debug */,
				15D8D58C1F6340E80000CB6D /* Release */,
			);
			defaultConfigurationIsVisible = 0;
			defaultConfigurationName = Release;
		};
		15D8D58D1F6340E80000CB6D /* Build configuration list for PBXNativeTarget "PhotoramaTests" */ = {
			isa = XCConfigurationList;
			buildConfigurations = (
				15D8D58E1F6340E80000CB6D /* Debug */,
				15D8D58F1F6340E80000CB6D /* Release */,
			);
			defaultConfigurationIsVisible = 0;
			defaultConfigurationName = Release;
		};
		15D8D5901F6340E80000CB6D /* Build configuration list for PBXNativeTarget "PhotoramaUITests" */ = {
			isa = XCConfigurationList;
			buildConfigurations = (
				15D8D5911F6340E80000CB6D /* Debug */,
				15D8D5921F6340E80000CB6D /* Release */,
			);
			defaultConfigurationIsVisible = 0;
			defaultConfigurationName = Release;
		};
/* End XCConfigurationList section */
	};
	rootObject = 15D8D55A1F6340E80000CB6D /* Project object */;
}
